
Microsoft Visual Studio Solution File, Format Version 12.00
# Visual Studio Version 17
VisualStudioVersion = 17.10.35013.160
MinimumVisualStudioVersion = 10.0.40219.1
Project("{FAE04EC0-301F-11D3-BF4B-00C04F79EFBC}") = "ConsoleConvertWeb", "ConsoleConvertWeb\ConsoleConvertWeb.csproj", "{0D5318AD-BB7A-42B6-B0D0-A878858BBA39}"
EndProject
Global
	GlobalSection(SolutionConfigurationPlatforms) = preSolution
		Debug|Any CPU = Debug|Any CPU
		Release|Any CPU = Release|Any CPU
	EndGlobalSection
	GlobalSection(ProjectConfigurationPlatforms) = postSolution
		{0D5318AD-BB7A-42B6-B0D0-A878858BBA39}.Debug|Any CPU.ActiveCfg = Debug|Any CPU
		{0D5318AD-BB7A-42B6-B0D0-A878858BBA39}.Debug|Any CPU.Build.0 = Debug|Any CPU
		{0D5318AD-BB7A-42B6-B0D0-A878858BBA39}.Release|Any CPU.ActiveCfg = Release|Any CPU
		{0D5318AD-BB7A-42B6-B0D0-A878858BBA39}.Release|Any CPU.Build.0 = Release|Any CPU
	EndGlobalSection
	GlobalSection(SolutionProperties) = preSolution
		HideSolutionNode = FALSE
	EndGlobalSection
	GlobalSection(ExtensibilityGlobals) = postSolution
		SolutionGuid = {B2D305F5-385C-4000-8CCD-263223E8ACCE}
	EndGlobalSection
EndGlobal
